
Microsoft Visual Studio Solution File, Format Version 12.00
# Visual Studio Version 16
VisualStudioVersion = 16.0.30114.105
MinimumVisualStudioVersion = 10.0.40219.1
Project("{2150E333-8FDC-42A3-9474-1A3956D46DE8}") = "src", "src", "{C394D10A-C7AE-4FB9-9A98-60D92E205762}"
EndProject
Project("{FAE04EC0-301F-11D3-BF4B-00C04F79EFBC}") = "DDD.Interfaces", "src\DDD.Interfaces\DDD.Interfaces.csproj", "{6CD03425-1040-4AEB-B59B-9E93B89FBDB4}"
EndProject
Project("{FAE04EC0-301F-11D3-BF4B-00C04F79EFBC}") = "DDD.Dependency", "src\DDD.Dependency\DDD.Dependency.csproj", "{96F2DDA1-AFEB-4305-9A66-50A6CCFBC1F9}"
EndProject
Project("{FAE04EC0-301F-11D3-BF4B-00C04F79EFBC}") = "DDD.UI", "src\DDD.UI\DDD.UI.csproj", "{15CE7263-A041-49EB-A3BC-011C1A4CFA48}"
EndProject
Project("{FAE04EC0-301F-11D3-BF4B-00C04F79EFBC}") = "DDD.Domain", "src\DDD.Domain\DDD.Domain.csproj", "{DC0555CA-EDAF-49C6-8B46-6BB18799205A}"
EndProject
Project("{FAE04EC0-301F-11D3-BF4B-00C04F79EFBC}") = "DDD.Application", "src\DDD.Application\DDD.Application.csproj", "{7F1C0061-60F9-4DC2-B370-16C0A062CB13}"
EndProject
Project("{FAE04EC0-301F-11D3-BF4B-00C04F79EFBC}") = "DDD.Infrastructure", "src\DDD.Infrastructure\DDD.Infrastructure.csproj", "{46DB0B77-ABF5-4282-A6AD-335ADF81D005}"
EndProject
Project("{2150E333-8FDC-42A3-9474-1A3956D46DE8}") = "test", "test", "{9903F6DE-692D-449C-B91A-F5D59D1E5CEA}"
EndProject
Project("{FAE04EC0-301F-11D3-BF4B-00C04F79EFBC}") = "DDD.UnitTest", "test\DDD.UnitTest\DDD.UnitTest.csproj", "{091EA11E-A5A2-4B03-8829-E2961896E940}"
EndProject
Project("{FAE04EC0-301F-11D3-BF4B-00C04F79EFBC}") = "DDD.IntegTest", "test\DDD.IntegTest\DDD.IntegTest.csproj", "{351CB03E-053C-45AD-80D3-080D836D153B}"
EndProject
Project("{FAE04EC0-301F-11D3-BF4B-00C04F79EFBC}") = "DDD.ArchTest", "test\DDD.ArchTest\DDD.ArchTest.csproj", "{EF023850-D9A2-45CC-886D-E4C19614CF7C}"
EndProject
Global
	GlobalSection(SolutionConfigurationPlatforms) = preSolution
		Debug|Any CPU = Debug|Any CPU
		Release|Any CPU = Release|Any CPU
	EndGlobalSection
	GlobalSection(SolutionProperties) = preSolution
		HideSolutionNode = FALSE
	EndGlobalSection
	GlobalSection(ProjectConfigurationPlatforms) = postSolution
		{6CD03425-1040-4AEB-B59B-9E93B89FBDB4}.Debug|Any CPU.ActiveCfg = Debug|Any CPU
		{6CD03425-1040-4AEB-B59B-9E93B89FBDB4}.Debug|Any CPU.Build.0 = Debug|Any CPU
		{6CD03425-1040-4AEB-B59B-9E93B89FBDB4}.Release|Any CPU.ActiveCfg = Release|Any CPU
		{6CD03425-1040-4AEB-B59B-9E93B89FBDB4}.Release|Any CPU.Build.0 = Release|Any CPU
		{96F2DDA1-AFEB-4305-9A66-50A6CCFBC1F9}.Debug|Any CPU.ActiveCfg = Debug|Any CPU
		{96F2DDA1-AFEB-4305-9A66-50A6CCFBC1F9}.Debug|Any CPU.Build.0 = Debug|Any CPU
		{96F2DDA1-AFEB-4305-9A66-50A6CCFBC1F9}.Release|Any CPU.ActiveCfg = Release|Any CPU
		{96F2DDA1-AFEB-4305-9A66-50A6CCFBC1F9}.Release|Any CPU.Build.0 = Release|Any CPU
		{15CE7263-A041-49EB-A3BC-011C1A4CFA48}.Debug|Any CPU.ActiveCfg = Debug|Any CPU
		{15CE7263-A041-49EB-A3BC-011C1A4CFA48}.Debug|Any CPU.Build.0 = Debug|Any CPU
		{15CE7263-A041-49EB-A3BC-011C1A4CFA48}.Release|Any CPU.ActiveCfg = Release|Any CPU
		{15CE7263-A041-49EB-A3BC-011C1A4CFA48}.Release|Any CPU.Build.0 = Release|Any CPU
		{DC0555CA-EDAF-49C6-8B46-6BB18799205A}.Debug|Any CPU.ActiveCfg = Debug|Any CPU
		{DC0555CA-EDAF-49C6-8B46-6BB18799205A}.Debug|Any CPU.Build.0 = Debug|Any CPU
		{DC0555CA-EDAF-49C6-8B46-6BB18799205A}.Release|Any CPU.ActiveCfg = Release|Any CPU
		{DC0555CA-EDAF-49C6-8B46-6BB18799205A}.Release|Any CPU.Build.0 = Release|Any CPU
		{7F1C0061-60F9-4DC2-B370-16C0A062CB13}.Debug|Any CPU.ActiveCfg = Debug|Any CPU
		{7F1C0061-60F9-4DC2-B370-16C0A062CB13}.Debug|Any CPU.Build.0 = Debug|Any CPU
		{7F1C0061-60F9-4DC2-B370-16C0A062CB13}.Release|Any CPU.ActiveCfg = Release|Any CPU
		{7F1C0061-60F9-4DC2-B370-16C0A062CB13}.Release|Any CPU.Build.0 = Release|Any CPU
		{46DB0B77-ABF5-4282-A6AD-335ADF81D005}.Debug|Any CPU.ActiveCfg = Debug|Any CPU
		{46DB0B77-ABF5-4282-A6AD-335ADF81D005}.Debug|Any CPU.Build.0 = Debug|Any CPU
		{46DB0B77-ABF5-4282-A6AD-335ADF81D005}.Release|Any CPU.ActiveCfg = Release|Any CPU
		{46DB0B77-ABF5-4282-A6AD-335ADF81D005}.Release|Any CPU.Build.0 = Release|Any CPU
		{091EA11E-A5A2-4B03-8829-E2961896E940}.Debug|Any CPU.ActiveCfg = Debug|Any CPU
		{091EA11E-A5A2-4B03-8829-E2961896E940}.Debug|Any CPU.Build.0 = Debug|Any CPU
		{091EA11E-A5A2-4B03-8829-E2961896E940}.Release|Any CPU.ActiveCfg = Release|Any CPU
		{091EA11E-A5A2-4B03-8829-E2961896E940}.Release|Any CPU.Build.0 = Release|Any CPU
		{351CB03E-053C-45AD-80D3-080D836D153B}.Debug|Any CPU.ActiveCfg = Debug|Any CPU
		{351CB03E-053C-45AD-80D3-080D836D153B}.Debug|Any CPU.Build.0 = Debug|Any CPU
		{351CB03E-053C-45AD-80D3-080D836D153B}.Release|Any CPU.ActiveCfg = Release|Any CPU
		{351CB03E-053C-45AD-80D3-080D836D153B}.Release|Any CPU.Build.0 = Release|Any CPU
		{EF023850-D9A2-45CC-886D-E4C19614CF7C}.Debug|Any CPU.ActiveCfg = Debug|Any CPU
		{EF023850-D9A2-45CC-886D-E4C19614CF7C}.Debug|Any CPU.Build.0 = Debug|Any CPU
		{EF023850-D9A2-45CC-886D-E4C19614CF7C}.Release|Any CPU.ActiveCfg = Release|Any CPU
		{EF023850-D9A2-45CC-886D-E4C19614CF7C}.Release|Any CPU.Build.0 = Release|Any CPU
	EndGlobalSection
	GlobalSection(NestedProjects) = preSolution
		{6CD03425-1040-4AEB-B59B-9E93B89FBDB4} = {C394D10A-C7AE-4FB9-9A98-60D92E205762}
		{96F2DDA1-AFEB-4305-9A66-50A6CCFBC1F9} = {C394D10A-C7AE-4FB9-9A98-60D92E205762}
		{15CE7263-A041-49EB-A3BC-011C1A4CFA48} = {C394D10A-C7AE-4FB9-9A98-60D92E205762}
		{DC0555CA-EDAF-49C6-8B46-6BB18799205A} = {C394D10A-C7AE-4FB9-9A98-60D92E205762}
		{7F1C0061-60F9-4DC2-B370-16C0A062CB13} = {C394D10A-C7AE-4FB9-9A98-60D92E205762}
		{46DB0B77-ABF5-4282-A6AD-335ADF81D005} = {C394D10A-C7AE-4FB9-9A98-60D92E205762}
		{091EA11E-A5A2-4B03-8829-E2961896E940} = {9903F6DE-692D-449C-B91A-F5D59D1E5CEA}
		{351CB03E-053C-45AD-80D3-080D836D153B} = {9903F6DE-692D-449C-B91A-F5D59D1E5CEA}
		{EF023850-D9A2-45CC-886D-E4C19614CF7C} = {9903F6DE-692D-449C-B91A-F5D59D1E5CEA}
	EndGlobalSection
EndGlobal
